
Microsoft Visual Studio Solution File, Format Version 12.00
# Visual Studio Version 16
VisualStudioVersion = 16.0.30711.63
MinimumVisualStudioVersion = 10.0.40219.1
Project("{FAE04EC0-301F-11D3-BF4B-00C04F79EFBC}") = "RoadMap", "RoadMap.csproj", "{A46EC87D-19A1-4386-87FC-7C7A0B100E38}"
EndProject
Global
	GlobalSection(SolutionConfigurationPlatforms) = preSolution
		Debug|Any CPU = Debug|Any CPU
		Release|Any CPU = Release|Any CPU
	EndGlobalSection
	GlobalSection(ProjectConfigurationPlatforms) = postSolution
		{A46EC87D-19A1-4386-87FC-7C7A0B100E38}.Debug|Any CPU.ActiveCfg = Debug|Any CPU
		{A46EC87D-19A1-4386-87FC-7C7A0B100E38}.Debug|Any CPU.Build.0 = Debug|Any CPU
		{A46EC87D-19A1-4386-87FC-7C7A0B100E38}.Release|Any CPU.ActiveCfg = Release|Any CPU
		{A46EC87D-19A1-4386-87FC-7C7A0B100E38}.Release|Any CPU.Build.0 = Release|Any CPU
	EndGlobalSection
	GlobalSection(SolutionProperties) = preSolution
		HideSolutionNode = FALSE
	EndGlobalSection
	GlobalSection(ExtensibilityGlobals) = postSolution
		SolutionGuid = {F42D2E93-6CF9-47E5-8C5A-B90CB1317A56}
	EndGlobalSection
EndGlobal
